
Microsoft Visual Studio Solution File, Format Version 12.00
# Visual Studio Version 17
VisualStudioVersion = 17.0.32126.317
MinimumVisualStudioVersion = 10.0.40219.1
Project("{FAE04EC0-301F-11D3-BF4B-00C04F79EFBC}") = "XPass", "XPass.csproj", "{DC8C40EC-F049-46C8-AB89-3E045AC5EBCC}"
EndProject
Global
	GlobalSection(SolutionConfigurationPlatforms) = preSolution
		Debug|Any CPU = Debug|Any CPU
		Release|Any CPU = Release|Any CPU
	EndGlobalSection
	GlobalSection(ProjectConfigurationPlatforms) = postSolution
		{DC8C40EC-F049-46C8-AB89-3E045AC5EBCC}.Debug|Any CPU.ActiveCfg = Debug|Any CPU
		{DC8C40EC-F049-46C8-AB89-3E045AC5EBCC}.Debug|Any CPU.Build.0 = Debug|Any CPU
		{DC8C40EC-F049-46C8-AB89-3E045AC5EBCC}.Release|Any CPU.ActiveCfg = Release|Any CPU
		{DC8C40EC-F049-46C8-AB89-3E045AC5EBCC}.Release|Any CPU.Build.0 = Release|Any CPU
	EndGlobalSection
	GlobalSection(SolutionProperties) = preSolution
		HideSolutionNode = FALSE
	EndGlobalSection
	GlobalSection(ExtensibilityGlobals) = postSolution
		SolutionGuid = {89564CB2-6C24-48F7-B155-DC55D1001647}
	EndGlobalSection
EndGlobal
